
Microsoft Visual Studio Solution File, Format Version 12.00
# Visual Studio Version 16
VisualStudioVersion = 16.0.29326.143
MinimumVisualStudioVersion = 10.0.40219.1
Project("{9A19103F-16F7-4668-BE54-9A1E7A4F7556}") = "ConestogaVirtualGameStore", "ConestogaVirtualGameStore\ConestogaVirtualGameStore.csproj", "{AF25B296-6CB5-4CDA-A78C-408225AF8C06}"
EndProject
Global
	GlobalSection(SolutionConfigurationPlatforms) = preSolution
		Debug|Any CPU = Debug|Any CPU
		Release|Any CPU = Release|Any CPU
	EndGlobalSection
	GlobalSection(ProjectConfigurationPlatforms) = postSolution
		{AF25B296-6CB5-4CDA-A78C-408225AF8C06}.Debug|Any CPU.ActiveCfg = Debug|Any CPU
		{AF25B296-6CB5-4CDA-A78C-408225AF8C06}.Debug|Any CPU.Build.0 = Debug|Any CPU
		{AF25B296-6CB5-4CDA-A78C-408225AF8C06}.Release|Any CPU.ActiveCfg = Release|Any CPU
		{AF25B296-6CB5-4CDA-A78C-408225AF8C06}.Release|Any CPU.Build.0 = Release|Any CPU
	EndGlobalSection
	GlobalSection(SolutionProperties) = preSolution
		HideSolutionNode = FALSE
	EndGlobalSection
	GlobalSection(ExtensibilityGlobals) = postSolution
		SolutionGuid = {186E4ABA-C495-4364-B7D9-C5165B1424A7}
	EndGlobalSection
EndGlobal
